
Microsoft Visual Studio Solution File, Format Version 12.00
# Visual Studio Version 17
VisualStudioVersion = 17.5.33530.505
MinimumVisualStudioVersion = 10.0.40219.1
Project("{9A19103F-16F7-4668-BE54-9A1E7A4F7556}") = "SkipSplashScreen", "src\SkipSplashScreen\SkipSplashScreen.csproj", "{33BAC972-A308-438B-9C9E-06ECA2CEB7BD}"
EndProject
Global
	GlobalSection(SolutionConfigurationPlatforms) = preSolution
		Debug|Any CPU = Debug|Any CPU
		Deploy|Any CPU = Deploy|Any CPU
		DeployAndRun|Any CPU = DeployAndRun|Any CPU
		Release|Any CPU = Release|Any CPU
	EndGlobalSection
	GlobalSection(ProjectConfigurationPlatforms) = postSolution
		{33BAC972-A308-438B-9C9E-06ECA2CEB7BD}.Debug|Any CPU.ActiveCfg = DeployAndRun|Any CPU
		{33BAC972-A308-438B-9C9E-06ECA2CEB7BD}.Debug|Any CPU.Build.0 = DeployAndRun|Any CPU
		{33BAC972-A308-438B-9C9E-06ECA2CEB7BD}.Deploy|Any CPU.ActiveCfg = Deploy|Any CPU
		{33BAC972-A308-438B-9C9E-06ECA2CEB7BD}.Deploy|Any CPU.Build.0 = Deploy|Any CPU
		{33BAC972-A308-438B-9C9E-06ECA2CEB7BD}.DeployAndRun|Any CPU.ActiveCfg = DeployAndRun|Any CPU
		{33BAC972-A308-438B-9C9E-06ECA2CEB7BD}.DeployAndRun|Any CPU.Build.0 = DeployAndRun|Any CPU
		{33BAC972-A308-438B-9C9E-06ECA2CEB7BD}.Release|Any CPU.ActiveCfg = Release|Any CPU
		{33BAC972-A308-438B-9C9E-06ECA2CEB7BD}.Release|Any CPU.Build.0 = Release|Any CPU
	EndGlobalSection
	GlobalSection(SolutionProperties) = preSolution
		HideSolutionNode = FALSE
	EndGlobalSection
	GlobalSection(ExtensibilityGlobals) = postSolution
		SolutionGuid = {41A5906C-A16A-4017-B119-8ED3FD4D5A88}
	EndGlobalSection
EndGlobal
