
Microsoft Visual Studio Solution File, Format Version 12.00
# Visual Studio Version 17
VisualStudioVersion = 17.3.32929.385
MinimumVisualStudioVersion = 10.0.40219.1
Project("{9A19103F-16F7-4668-BE54-9A1E7A4F7556}") = "SkipSplashScreen", "SkipSplashScreenProject\SkipSplashScreen.csproj", "{E9C78E29-E93F-4009-B570-C86F05143AF1}"
EndProject
Global
	GlobalSection(SolutionConfigurationPlatforms) = preSolution
		Debug|Any CPU = Debug|Any CPU
		Release|Any CPU = Release|Any CPU
	EndGlobalSection
	GlobalSection(ProjectConfigurationPlatforms) = postSolution
		{E9C78E29-E93F-4009-B570-C86F05143AF1}.Debug|Any CPU.ActiveCfg = Debug|Any CPU
		{E9C78E29-E93F-4009-B570-C86F05143AF1}.Debug|Any CPU.Build.0 = Debug|Any CPU
		{E9C78E29-E93F-4009-B570-C86F05143AF1}.Release|Any CPU.ActiveCfg = Release|Any CPU
		{E9C78E29-E93F-4009-B570-C86F05143AF1}.Release|Any CPU.Build.0 = Release|Any CPU
	EndGlobalSection
	GlobalSection(SolutionProperties) = preSolution
		HideSolutionNode = FALSE
	EndGlobalSection
	GlobalSection(ExtensibilityGlobals) = postSolution
		SolutionGuid = {3B09265C-EAA4-42AA-ABF4-1C032A9E570F}
	EndGlobalSection
EndGlobal
